{
	"name": "convert-to-sarif",
	"version": "0.0.1",
	"lockfileVersion": 3,
	"requires": true,
	"packages": {
		"": {
			"name": "convert-to-sarif",
			"version": "0.0.1",
			"license": "MIT",
			"dependencies": {
				"@microsoft/sarif-multitool": "^5.7.0"
			}
		},
		"node_modules/@microsoft/sarif-multitool": {
			"version": "5.7.0",
			"resolved": "https://registry.npmjs.org/@microsoft/sarif-multitool/-/sarif-multitool-5.7.0.tgz",
			"integrity": "sha512-SJln9dMd8z7EX19SeHT98gmaz5UhLvt+7LzjXZH2Ei3UFJvaypV/j+HPh6JMI5TRBtdvJ/phyy1DzhkBgRygBA==",
			"license": "MIT",
			"os": [
				"darwin",
				"linux",
				"win32"
			],
			"bin": {
				"sarif-multitool": "bin.js"
			},
			"optionalDependencies": {
				"@microsoft/sarif-multitool-darwin": "^5.7.0",
				"@microsoft/sarif-multitool-linux": "^5.7.0",
				"@microsoft/sarif-multitool-win32": "^5.7.0"
			}
		},
		"node_modules/@microsoft/sarif-multitool-darwin": {
			"version": "5.7.0",
			"resolved": "https://registry.npmjs.org/@microsoft/sarif-multitool-darwin/-/sarif-multitool-darwin-5.7.0.tgz",
			"integrity": "sha512-SstDqFy/LQo2NEoInbTqLDa4nmbHti1luAMc6SSHTYUVAE3B/ehOMEkH6Cl6jzIiwXhmNCcd+dsU/LPuO0YaRA==",
			"hasInstallScript": true,
			"license": "MIT",
			"optional": true,
			"os": [
				"darwin"
			],
			"bin": {
				"sarif-multitool-darwin": "bin.js"
			}
		},
		"node_modules/@microsoft/sarif-multitool-linux": {
			"version": "5.7.0",
			"resolved": "https://registry.npmjs.org/@microsoft/sarif-multitool-linux/-/sarif-multitool-linux-5.7.0.tgz",
			"integrity": "sha512-NxUbpq6ISCWoTQ/NfOYEwEDKq1Heka/rMoJ5R5LMydcAZQX/X7g5mWHcgxDub+0M07LC96tZ5LZHvF1Qy3gjTA==",
			"hasInstallScript": true,
			"license": "MIT",
			"optional": true,
			"os": [
				"linux"
			],
			"bin": {
				"sarif-multitool-linux": "bin.js"
			}
		},
		"node_modules/@microsoft/sarif-multitool-win32": {
			"version": "5.7.0",
			"resolved": "https://registry.npmjs.org/@microsoft/sarif-multitool-win32/-/sarif-multitool-win32-5.7.0.tgz",
			"integrity": "sha512-nhXvebkVa3vI1inD1p26P4Hoa3wFHfyHDTDDhJUgsZRK5f7yskf2fjBXWLh3DSVXSjvq4PrihYDC/UuW4F3VgA==",
			"license": "MIT",
			"optional": true,
			"os": [
				"win32"
			],
			"bin": {
				"sarif-multitool-win32": "bin.js"
			}
		}
	}
}
