{
	"name": "convert-to-sarif",
	"version": "0.0.1",
	"lockfileVersion": 3,
	"requires": true,
	"packages": {
		"": {
			"name": "convert-to-sarif",
			"version": "0.0.1",
			"license": "MIT",
			"dependencies": {
				"@microsoft/sarif-multitool": "^4.5.0"
			}
		},
		"node_modules/@microsoft/sarif-multitool": {
			"version": "4.5.0",
			"resolved": "https://registry.npmjs.org/@microsoft/sarif-multitool/-/sarif-multitool-4.5.0.tgz",
			"integrity": "sha512-WaWA5H1FuAlO/oKuaXD7jj8c2VGrIFGGaZdZiV+g0sspLuf99gar1scI1MIDEW5FvuF2vUV0Vr0+A2X8gp2vFA==",
			"os": [
				"darwin",
				"linux",
				"win32"
			],
			"bin": {
				"sarif-multitool": "bin.js"
			},
			"optionalDependencies": {
				"@microsoft/sarif-multitool-darwin": "^4.5.0",
				"@microsoft/sarif-multitool-linux": "^4.5.0",
				"@microsoft/sarif-multitool-win32": "^4.5.0"
			}
		},
		"node_modules/@microsoft/sarif-multitool-darwin": {
			"version": "4.5.0",
			"resolved": "https://registry.npmjs.org/@microsoft/sarif-multitool-darwin/-/sarif-multitool-darwin-4.5.0.tgz",
			"integrity": "sha512-GGsx2prOoC+l3DFgIEIdgO2K2zV5gd8CTF1reWLxhsMb/wN2JiTZoWCvS0A4lwPNZH/0+hRWbUOaYu9xqmy9/w==",
			"hasInstallScript": true,
			"optional": true,
			"os": [
				"darwin"
			],
			"bin": {
				"sarif-multitool-darwin": "bin.js"
			}
		},
		"node_modules/@microsoft/sarif-multitool-linux": {
			"version": "4.5.0",
			"resolved": "https://registry.npmjs.org/@microsoft/sarif-multitool-linux/-/sarif-multitool-linux-4.5.0.tgz",
			"integrity": "sha512-kMMhBgVChBP2xx6nebhg/wlh2YCiTjLRtRRuA6WmkvXiGXUzPilnLa16ZI3/++xrOjwjwPdCkEs0psDyhr5ajg==",
			"hasInstallScript": true,
			"optional": true,
			"os": [
				"linux"
			],
			"bin": {
				"sarif-multitool-linux": "bin.js"
			}
		},
		"node_modules/@microsoft/sarif-multitool-win32": {
			"version": "4.5.0",
			"resolved": "https://registry.npmjs.org/@microsoft/sarif-multitool-win32/-/sarif-multitool-win32-4.5.0.tgz",
			"integrity": "sha512-QNFk0sYpH0SDl9vSVz3S6/DwcD4LMOa5zdzKdXndSj7FGAcWnRZXwKuqlhJ6xYz88rXdW6Hu0RdLI3h2yIK0Bg==",
			"optional": true,
			"os": [
				"win32"
			],
			"bin": {
				"sarif-multitool-win32": "bin.js"
			}
		}
	}
}
