{
	"name": "convert-to-sarif",
	"version": "0.0.1",
	"lockfileVersion": 3,
	"requires": true,
	"packages": {
		"": {
			"name": "convert-to-sarif",
			"version": "0.0.1",
			"license": "MIT",
			"dependencies": {
				"@microsoft/sarif-multitool": "^4.2.0"
			}
		},
		"node_modules/@microsoft/sarif-multitool": {
			"version": "4.2.0",
			"resolved": "https://registry.npmjs.org/@microsoft/sarif-multitool/-/sarif-multitool-4.2.0.tgz",
			"integrity": "sha512-D6w52eOZowbTT9NAAD550mz3gTlmxg8GPOSvwQ8Oza2TBCzQ2gfFN+Bgdb4DU7/z1sD0sHidkNQ9FkXkHZTJkg==",
			"os": [
				"darwin",
				"linux",
				"win32"
			],
			"bin": {
				"sarif-multitool": "bin.js"
			},
			"optionalDependencies": {
				"@microsoft/sarif-multitool-darwin": "^4.2.0",
				"@microsoft/sarif-multitool-linux": "^4.2.0",
				"@microsoft/sarif-multitool-win32": "^4.2.0"
			}
		},
		"node_modules/@microsoft/sarif-multitool-darwin": {
			"version": "4.2.0",
			"resolved": "https://registry.npmjs.org/@microsoft/sarif-multitool-darwin/-/sarif-multitool-darwin-4.2.0.tgz",
			"integrity": "sha512-NGsHeuu553kGS+JFBe4iBCHmx9b8ZLZ/TLyQ1GvfxLLD/wkrSq3JYH12lkSnU2s+vlI0QtGlMX76e30ZjZ6G9A==",
			"hasInstallScript": true,
			"optional": true,
			"os": [
				"darwin"
			],
			"bin": {
				"sarif-multitool-darwin": "bin.js"
			}
		},
		"node_modules/@microsoft/sarif-multitool-linux": {
			"version": "4.2.0",
			"resolved": "https://registry.npmjs.org/@microsoft/sarif-multitool-linux/-/sarif-multitool-linux-4.2.0.tgz",
			"integrity": "sha512-87rTBcN/7h2CGJd454yP/33YmmZF0aI4VwQK4YRIJ+NBvPiflfah3v+YFg4rzyYC1BESy5e4B3a6OPzTClbKcw==",
			"hasInstallScript": true,
			"optional": true,
			"os": [
				"linux"
			],
			"bin": {
				"sarif-multitool-linux": "bin.js"
			}
		},
		"node_modules/@microsoft/sarif-multitool-win32": {
			"version": "4.2.0",
			"resolved": "https://registry.npmjs.org/@microsoft/sarif-multitool-win32/-/sarif-multitool-win32-4.2.0.tgz",
			"integrity": "sha512-b8GFNVwUnwVxFz7oWcTzTr3r0+tQjfHS5t36a7PJKq4ACr0JAnzar3SCq1IdoO2tgig8e3fCE6z5bbVdQ1uIEw==",
			"optional": true,
			"os": [
				"win32"
			],
			"bin": {
				"sarif-multitool-win32": "bin.js"
			}
		}
	}
}
